
Microsoft Visual Studio Solution File, Format Version 12.00
# Visual Studio Version 17
VisualStudioVersion = 17.14.36623.8 d17.14
MinimumVisualStudioVersion = 10.0.40219.1
Project("{FAE04EC0-301F-11D3-BF4B-00C04F79EFBC}") = "Task 1", "Task 1\Task 1.csproj", "{AB2080F9-8CE4-4902-AB73-AB5F21D3A0D3}"
EndProject
Global
	GlobalSection(SolutionConfigurationPlatforms) = preSolution
		Debug|Any CPU = Debug|Any CPU
		Release|Any CPU = Release|Any CPU
	EndGlobalSection
	GlobalSection(ProjectConfigurationPlatforms) = postSolution
		{AB2080F9-8CE4-4902-AB73-AB5F21D3A0D3}.Debug|Any CPU.ActiveCfg = Debug|Any CPU
		{AB2080F9-8CE4-4902-AB73-AB5F21D3A0D3}.Debug|Any CPU.Build.0 = Debug|Any CPU
		{AB2080F9-8CE4-4902-AB73-AB5F21D3A0D3}.Release|Any CPU.ActiveCfg = Release|Any CPU
		{AB2080F9-8CE4-4902-AB73-AB5F21D3A0D3}.Release|Any CPU.Build.0 = Release|Any CPU
	EndGlobalSection
	GlobalSection(SolutionProperties) = preSolution
		HideSolutionNode = FALSE
	EndGlobalSection
	GlobalSection(ExtensibilityGlobals) = postSolution
		SolutionGuid = {5BF6BAD4-244E-44F1-838B-776EAF929433}
	EndGlobalSection
EndGlobal
